
Microsoft Visual Studio Solution File, Format Version 12.00
Project("{2150E333-8FDC-42A3-9474-1A3956D46DE8}") = "src", "src", "{9AEF7C03-D67E-4324-8C26-3F592911F9A3}"
EndProject
Project("{2150E333-8FDC-42A3-9474-1A3956D46DE8}") = "tests", "tests", "{57F1E85F-492E-43B1-B41F-AB7F764F040A}"
EndProject
Project("{2150E333-8FDC-42A3-9474-1A3956D46DE8}") = "Core", "Core", "{E8A15525-9F12-4D30-B8EA-332F79CB171C}"
EndProject
Project("{2150E333-8FDC-42A3-9474-1A3956D46DE8}") = "API", "API", "{2885E069-FBD4-434E-94F5-F951BB054AF6}"
EndProject
Project("{2150E333-8FDC-42A3-9474-1A3956D46DE8}") = "Infrastructure", "Infrastructure", "{2C0796A3-AA98-4FB4-A972-E814EBC34550}"
EndProject
Project("{2150E333-8FDC-42A3-9474-1A3956D46DE8}") = "UI", "UI", "{E82D19DF-9649-4357-8D57-D7CE991E39D2}"
EndProject
Project("{FAE04EC0-301F-11D3-BF4B-00C04F79EFBC}") = "Recruiter.API", "Recruiter.API\Recruiter.API.csproj", "{D3F043AE-ACCE-4C90-A812-2C0B9FBD9199}"
EndProject
Project("{FAE04EC0-301F-11D3-BF4B-00C04F79EFBC}") = "Recruiter.Application", "Recruiter.Application\Recruiter.Application.csproj", "{D2303C45-9E12-48E6-8A6F-ECEE3D6F5702}"
EndProject
Project("{FAE04EC0-301F-11D3-BF4B-00C04F79EFBC}") = "Recruiter.Domain", "Recruiter.Domain\Recruiter.Domain.csproj", "{1D88FA96-3F62-495E-9A85-4C2484F68C5A}"
EndProject
Project("{FAE04EC0-301F-11D3-BF4B-00C04F79EFBC}") = "Recruiter.Persistence", "Recruiter.Persistence\Recruiter.Persistence.csproj", "{C0FC1DA3-D3C5-46B0-8D5C-FDA73990E8FC}"
EndProject
Project("{FAE04EC0-301F-11D3-BF4B-00C04F79EFBC}") = "Recruiter.Infrastructure", "Recruiter.Infrastructure\Recruiter.Infrastructure.csproj", "{9933AF9F-7FC3-4722-B4C4-9D03F10B292D}"
EndProject
Project("{FAE04EC0-301F-11D3-BF4B-00C04F79EFBC}") = "Recruiter.Identity", "Recruiter.Identity\Recruiter.Identity.csproj", "{314E4E2C-AC19-4882-8274-8AC694E895F5}"
EndProject
Global
	GlobalSection(SolutionConfigurationPlatforms) = preSolution
		Debug|Any CPU = Debug|Any CPU
		Release|Any CPU = Release|Any CPU
	EndGlobalSection
	GlobalSection(NestedProjects) = preSolution
		{E8A15525-9F12-4D30-B8EA-332F79CB171C} = {9AEF7C03-D67E-4324-8C26-3F592911F9A3}
		{2885E069-FBD4-434E-94F5-F951BB054AF6} = {9AEF7C03-D67E-4324-8C26-3F592911F9A3}
		{2C0796A3-AA98-4FB4-A972-E814EBC34550} = {9AEF7C03-D67E-4324-8C26-3F592911F9A3}
		{E82D19DF-9649-4357-8D57-D7CE991E39D2} = {9AEF7C03-D67E-4324-8C26-3F592911F9A3}
		{D3F043AE-ACCE-4C90-A812-2C0B9FBD9199} = {2885E069-FBD4-434E-94F5-F951BB054AF6}
		{D2303C45-9E12-48E6-8A6F-ECEE3D6F5702} = {E8A15525-9F12-4D30-B8EA-332F79CB171C}
		{1D88FA96-3F62-495E-9A85-4C2484F68C5A} = {E8A15525-9F12-4D30-B8EA-332F79CB171C}
		{C0FC1DA3-D3C5-46B0-8D5C-FDA73990E8FC} = {2C0796A3-AA98-4FB4-A972-E814EBC34550}
		{9933AF9F-7FC3-4722-B4C4-9D03F10B292D} = {2C0796A3-AA98-4FB4-A972-E814EBC34550}
		{314E4E2C-AC19-4882-8274-8AC694E895F5} = {2C0796A3-AA98-4FB4-A972-E814EBC34550}
	EndGlobalSection
	GlobalSection(ProjectConfigurationPlatforms) = postSolution
		{D3F043AE-ACCE-4C90-A812-2C0B9FBD9199}.Debug|Any CPU.ActiveCfg = Debug|Any CPU
		{D3F043AE-ACCE-4C90-A812-2C0B9FBD9199}.Debug|Any CPU.Build.0 = Debug|Any CPU
		{D3F043AE-ACCE-4C90-A812-2C0B9FBD9199}.Release|Any CPU.ActiveCfg = Release|Any CPU
		{D3F043AE-ACCE-4C90-A812-2C0B9FBD9199}.Release|Any CPU.Build.0 = Release|Any CPU
		{D2303C45-9E12-48E6-8A6F-ECEE3D6F5702}.Debug|Any CPU.ActiveCfg = Debug|Any CPU
		{D2303C45-9E12-48E6-8A6F-ECEE3D6F5702}.Debug|Any CPU.Build.0 = Debug|Any CPU
		{D2303C45-9E12-48E6-8A6F-ECEE3D6F5702}.Release|Any CPU.ActiveCfg = Release|Any CPU
		{D2303C45-9E12-48E6-8A6F-ECEE3D6F5702}.Release|Any CPU.Build.0 = Release|Any CPU
		{1D88FA96-3F62-495E-9A85-4C2484F68C5A}.Debug|Any CPU.ActiveCfg = Debug|Any CPU
		{1D88FA96-3F62-495E-9A85-4C2484F68C5A}.Debug|Any CPU.Build.0 = Debug|Any CPU
		{1D88FA96-3F62-495E-9A85-4C2484F68C5A}.Release|Any CPU.ActiveCfg = Release|Any CPU
		{1D88FA96-3F62-495E-9A85-4C2484F68C5A}.Release|Any CPU.Build.0 = Release|Any CPU
		{C0FC1DA3-D3C5-46B0-8D5C-FDA73990E8FC}.Debug|Any CPU.ActiveCfg = Debug|Any CPU
		{C0FC1DA3-D3C5-46B0-8D5C-FDA73990E8FC}.Debug|Any CPU.Build.0 = Debug|Any CPU
		{C0FC1DA3-D3C5-46B0-8D5C-FDA73990E8FC}.Release|Any CPU.ActiveCfg = Release|Any CPU
		{C0FC1DA3-D3C5-46B0-8D5C-FDA73990E8FC}.Release|Any CPU.Build.0 = Release|Any CPU
		{9933AF9F-7FC3-4722-B4C4-9D03F10B292D}.Debug|Any CPU.ActiveCfg = Debug|Any CPU
		{9933AF9F-7FC3-4722-B4C4-9D03F10B292D}.Debug|Any CPU.Build.0 = Debug|Any CPU
		{9933AF9F-7FC3-4722-B4C4-9D03F10B292D}.Release|Any CPU.ActiveCfg = Release|Any CPU
		{9933AF9F-7FC3-4722-B4C4-9D03F10B292D}.Release|Any CPU.Build.0 = Release|Any CPU
		{314E4E2C-AC19-4882-8274-8AC694E895F5}.Debug|Any CPU.ActiveCfg = Debug|Any CPU
		{314E4E2C-AC19-4882-8274-8AC694E895F5}.Debug|Any CPU.Build.0 = Debug|Any CPU
		{314E4E2C-AC19-4882-8274-8AC694E895F5}.Release|Any CPU.ActiveCfg = Release|Any CPU
		{314E4E2C-AC19-4882-8274-8AC694E895F5}.Release|Any CPU.Build.0 = Release|Any CPU
	EndGlobalSection
EndGlobal
